// !$*UTF8*$!
{
	archiveVersion = 1;
	classes = {
	};
	objectVersion = 56;
	objects = {

/* Begin PBXBuildFile section */
		841F3D602B49E9FE00483276 /* main.cpp in Sources */ = {isa = PBXBuildFile; fileRef = 841F3D5F2B49E9FE00483276 /* main.cpp */; };
		849C91512C7E9DFC007DFBDE /* libOpen3D.a in Frameworks */ = {isa = PBXBuildFile; fileRef = 849C91502C7E9DFC007DFBDE /* libOpen3D.a */; };
		849C91892C7E9F7B007DFBDE /* libOpen3D_3rdparty_filament_filament.a in Frameworks */ = {isa = PBXBuildFile; fileRef = 849C91522C7E9F7A007DFBDE /* libOpen3D_3rdparty_filament_filament.a */; };
		849C918A2C7E9F7B007DFBDE /* libOpen3D_3rdparty_vtk_vtkpugixml-9.1.a in Frameworks */ = {isa = PBXBuildFile; fileRef = 849C91532C7E9F7A007DFBDE /* libOpen3D_3rdparty_vtk_vtkpugixml-9.1.a */; };
		849C918B2C7E9F7B007DFBDE /* libOpen3D_3rdparty_vtk_vtkFiltersModeling-9.1.a in Frameworks */ = {isa = PBXBuildFile; fileRef = 849C91542C7E9F7A007DFBDE /* libOpen3D_3rdparty_vtk_vtkFiltersModeling-9.1.a */; };
		849C918C2C7E9F7B007DFBDE /* libOpen3D_3rdparty_qhull_r.a in Frameworks */ = {isa = PBXBuildFile; fileRef = 849C91552C7E9F7A007DFBDE /* libOpen3D_3rdparty_qhull_r.a */; };
		849C918D2C7E9F7B007DFBDE /* libOpen3D_3rdparty_vtk_vtkFiltersSources-9.1.a in Frameworks */ = {isa = PBXBuildFile; fileRef = 849C91562C7E9F7A007DFBDE /* libOpen3D_3rdparty_vtk_vtkFiltersSources-9.1.a */; };
		849C918E2C7E9F7B007DFBDE /* libOpen3D_3rdparty_vtk_vtkFiltersCore-9.1.a in Frameworks */ = {isa = PBXBuildFile; fileRef = 849C91572C7E9F7A007DFBDE /* libOpen3D_3rdparty_vtk_vtkFiltersCore-9.1.a */; };
		849C918F2C7E9F7B007DFBDE /* libOpen3D_3rdparty_embree_lexers.a in Frameworks */ = {isa = PBXBuildFile; fileRef = 849C91582C7E9F7A007DFBDE /* libOpen3D_3rdparty_embree_lexers.a */; };
		849C91902C7E9F7B007DFBDE /* libOpen3D_3rdparty_vtk_vtkFiltersGeneral-9.1.a in Frameworks */ = {isa = PBXBuildFile; fileRef = 849C91592C7E9F7A007DFBDE /* libOpen3D_3rdparty_vtk_vtkFiltersGeneral-9.1.a */; };
		849C91912C7E9F7B007DFBDE /* libOpen3D_3rdparty_glew.a in Frameworks */ = {isa = PBXBuildFile; fileRef = 849C915A2C7E9F7A007DFBDE /* libOpen3D_3rdparty_glew.a */; };
		849C91922C7E9F7B007DFBDE /* libOpen3D_3rdparty_filament_vkshaders.a in Frameworks */ = {isa = PBXBuildFile; fileRef = 849C915B2C7E9F7A007DFBDE /* libOpen3D_3rdparty_filament_vkshaders.a */; };
		849C91932C7E9F7B007DFBDE /* libOpen3D_3rdparty_embree_embree4.a in Frameworks */ = {isa = PBXBuildFile; fileRef = 849C915C2C7E9F7A007DFBDE /* libOpen3D_3rdparty_embree_embree4.a */; };
		849C91942C7E9F7B007DFBDE /* libOpen3D_3rdparty_qhullcpp.a in Frameworks */ = {isa = PBXBuildFile; fileRef = 849C915D2C7E9F7A007DFBDE /* libOpen3D_3rdparty_qhullcpp.a */; };
		849C91952C7E9F7B007DFBDE /* libOpen3D_3rdparty_filament_filaflat.a in Frameworks */ = {isa = PBXBuildFile; fileRef = 849C915E2C7E9F7A007DFBDE /* libOpen3D_3rdparty_filament_filaflat.a */; };
		849C91962C7E9F7B007DFBDE /* libOpen3D_3rdparty_filament_meshoptimizer.a in Frameworks */ = {isa = PBXBuildFile; fileRef = 849C915F2C7E9F7A007DFBDE /* libOpen3D_3rdparty_filament_meshoptimizer.a */; };
		849C91972C7E9F7B007DFBDE /* libOpen3D_3rdparty_glfw.a in Frameworks */ = {isa = PBXBuildFile; fileRef = 849C91602C7E9F7A007DFBDE /* libOpen3D_3rdparty_glfw.a */; };
		849C91982C7E9F7B007DFBDE /* libOpen3D_3rdparty_imgui.a in Frameworks */ = {isa = PBXBuildFile; fileRef = 849C91612C7E9F7A007DFBDE /* libOpen3D_3rdparty_imgui.a */; };
		849C91992C7E9F7B007DFBDE /* libOpen3D_3rdparty_openssl_ssl.a in Frameworks */ = {isa = PBXBuildFile; fileRef = 849C91622C7E9F7A007DFBDE /* libOpen3D_3rdparty_openssl_ssl.a */; };
		849C919A2C7E9F7B007DFBDE /* libOpen3D_3rdparty_filament_bluegl.a in Frameworks */ = {isa = PBXBuildFile; fileRef = 849C91632C7E9F7A007DFBDE /* libOpen3D_3rdparty_filament_bluegl.a */; };
		849C919B2C7E9F7B007DFBDE /* libOpen3D_3rdparty_curl.a in Frameworks */ = {isa = PBXBuildFile; fileRef = 849C91642C7E9F7A007DFBDE /* libOpen3D_3rdparty_curl.a */; };
		849C919C2C7E9F7B007DFBDE /* libOpen3D_3rdparty_filament_filameshio.a in Frameworks */ = {isa = PBXBuildFile; fileRef = 849C91652C7E9F7A007DFBDE /* libOpen3D_3rdparty_filament_filameshio.a */; };
		849C919D2C7E9F7B007DFBDE /* libOpen3D_3rdparty_embree_tasking.a in Frameworks */ = {isa = PBXBuildFile; fileRef = 849C91662C7E9F7A007DFBDE /* libOpen3D_3rdparty_embree_tasking.a */; };
		849C919E2C7E9F7B007DFBDE /* libOpen3D_3rdparty_filament_ibl.a in Frameworks */ = {isa = PBXBuildFile; fileRef = 849C91672C7E9F7A007DFBDE /* libOpen3D_3rdparty_filament_ibl.a */; };
		849C919F2C7E9F7B007DFBDE /* libOpen3D_3rdparty_liblzf.a in Frameworks */ = {isa = PBXBuildFile; fileRef = 849C91682C7E9F7A007DFBDE /* libOpen3D_3rdparty_liblzf.a */; };
		849C91A02C7E9F7B007DFBDE /* libOpen3D_3rdparty_embree_sys.a in Frameworks */ = {isa = PBXBuildFile; fileRef = 849C91692C7E9F7A007DFBDE /* libOpen3D_3rdparty_embree_sys.a */; };
		849C91A12C7E9F7B007DFBDE /* libOpen3D_3rdparty_zlib.a in Frameworks */ = {isa = PBXBuildFile; fileRef = 849C916A2C7E9F7A007DFBDE /* libOpen3D_3rdparty_zlib.a */; };
		849C91A22C7E9F7B007DFBDE /* libOpen3D_3rdparty_uvatlas.a in Frameworks */ = {isa = PBXBuildFile; fileRef = 849C916B2C7E9F7B007DFBDE /* libOpen3D_3rdparty_uvatlas.a */; };
		849C91A32C7E9F7B007DFBDE /* libOpen3D_3rdparty_jsoncpp.a in Frameworks */ = {isa = PBXBuildFile; fileRef = 849C916C2C7E9F7B007DFBDE /* libOpen3D_3rdparty_jsoncpp.a */; };
		849C91A42C7E9F7B007DFBDE /* libOpen3D_3rdparty_vtk_vtkCommonMath-9.1.a in Frameworks */ = {isa = PBXBuildFile; fileRef = 849C916D2C7E9F7B007DFBDE /* libOpen3D_3rdparty_vtk_vtkCommonMath-9.1.a */; };
		849C91A52C7E9F7B007DFBDE /* libOpen3D_3rdparty_filament_image.a in Frameworks */ = {isa = PBXBuildFile; fileRef = 849C916E2C7E9F7B007DFBDE /* libOpen3D_3rdparty_filament_image.a */; };
		849C91A62C7E9F7B007DFBDE /* libOpen3D_3rdparty_vtk_vtkCommonCore-9.1.a in Frameworks */ = {isa = PBXBuildFile; fileRef = 849C916F2C7E9F7B007DFBDE /* libOpen3D_3rdparty_vtk_vtkCommonCore-9.1.a */; };
		849C91A72C7E9F7B007DFBDE /* libOpen3D_3rdparty_embree_simd.a in Frameworks */ = {isa = PBXBuildFile; fileRef = 849C91702C7E9F7B007DFBDE /* libOpen3D_3rdparty_embree_simd.a */; };
		849C91A82C7E9F7B007DFBDE /* libOpen3D_3rdparty_tinyfiledialogs.a in Frameworks */ = {isa = PBXBuildFile; fileRef = 849C91712C7E9F7B007DFBDE /* libOpen3D_3rdparty_tinyfiledialogs.a */; };
		849C91A92C7E9F7B007DFBDE /* libOpen3D_3rdparty_vtk_vtkCommonDataModel-9.1.a in Frameworks */ = {isa = PBXBuildFile; fileRef = 849C91722C7E9F7B007DFBDE /* libOpen3D_3rdparty_vtk_vtkCommonDataModel-9.1.a */; };
		849C91AA2C7E9F7B007DFBDE /* libOpen3D_3rdparty_png.a in Frameworks */ = {isa = PBXBuildFile; fileRef = 849C91732C7E9F7B007DFBDE /* libOpen3D_3rdparty_png.a */; };
		849C91AB2C7E9F7B007DFBDE /* libOpen3D_3rdparty_assimp.a in Frameworks */ = {isa = PBXBuildFile; fileRef = 849C91742C7E9F7B007DFBDE /* libOpen3D_3rdparty_assimp.a */; };
		849C91AC2C7E9F7B007DFBDE /* libOpen3D_3rdparty_vtk_vtksys-9.1.a in Frameworks */ = {isa = PBXBuildFile; fileRef = 849C91752C7E9F7B007DFBDE /* libOpen3D_3rdparty_vtk_vtksys-9.1.a */; };
		849C91AD2C7E9F7B007DFBDE /* libOpen3D_3rdparty_embree_embree_avx2.a in Frameworks */ = {isa = PBXBuildFile; fileRef = 849C91762C7E9F7B007DFBDE /* libOpen3D_3rdparty_embree_embree_avx2.a */; };
		849C91AE2C7E9F7B007DFBDE /* libOpen3D_3rdparty_rply.a in Frameworks */ = {isa = PBXBuildFile; fileRef = 849C91772C7E9F7B007DFBDE /* libOpen3D_3rdparty_rply.a */; };
		849C91AF2C7E9F7B007DFBDE /* libOpen3D_3rdparty_vtk_vtkCommonExecutionModel-9.1.a in Frameworks */ = {isa = PBXBuildFile; fileRef = 849C91782C7E9F7B007DFBDE /* libOpen3D_3rdparty_vtk_vtkCommonExecutionModel-9.1.a */; };
		849C91B02C7E9F7B007DFBDE /* libOpen3D_3rdparty_filament_geometry.a in Frameworks */ = {isa = PBXBuildFile; fileRef = 849C91792C7E9F7B007DFBDE /* libOpen3D_3rdparty_filament_geometry.a */; };
		849C91B12C7E9F7B007DFBDE /* libOpen3D_3rdparty_vtk_vtkkissfft-9.1.a in Frameworks */ = {isa = PBXBuildFile; fileRef = 849C917A2C7E9F7B007DFBDE /* libOpen3D_3rdparty_vtk_vtkkissfft-9.1.a */; };
		849C91B22C7E9F7B007DFBDE /* libOpen3D_3rdparty_zeromq.a in Frameworks */ = {isa = PBXBuildFile; fileRef = 849C917B2C7E9F7B007DFBDE /* libOpen3D_3rdparty_zeromq.a */; };
		849C91B32C7E9F7B007DFBDE /* libOpen3D_3rdparty_fmt.a in Frameworks */ = {isa = PBXBuildFile; fileRef = 849C917C2C7E9F7B007DFBDE /* libOpen3D_3rdparty_fmt.a */; };
		849C91B42C7E9F7B007DFBDE /* libOpen3D_3rdparty_filament_filabridge.a in Frameworks */ = {isa = PBXBuildFile; fileRef = 849C917D2C7E9F7B007DFBDE /* libOpen3D_3rdparty_filament_filabridge.a */; };
		849C91B52C7E9F7B007DFBDE /* libOpen3D_3rdparty_vtk_vtkCommonTransforms-9.1.a in Frameworks */ = {isa = PBXBuildFile; fileRef = 849C917E2C7E9F7B007DFBDE /* libOpen3D_3rdparty_vtk_vtkCommonTransforms-9.1.a */; };
		849C91B62C7E9F7B007DFBDE /* libOpen3D_3rdparty_filament_backend.a in Frameworks */ = {isa = PBXBuildFile; fileRef = 849C917F2C7E9F7B007DFBDE /* libOpen3D_3rdparty_filament_backend.a */; };
		849C91B72C7E9F7B007DFBDE /* libOpen3D_3rdparty_jpeg.a in Frameworks */ = {isa = PBXBuildFile; fileRef = 849C91802C7E9F7B007DFBDE /* libOpen3D_3rdparty_jpeg.a */; };
		849C91B82C7E9F7B007DFBDE /* libOpen3D_3rdparty_vtk_vtkCommonMisc-9.1.a in Frameworks */ = {isa = PBXBuildFile; fileRef = 849C91812C7E9F7B007DFBDE /* libOpen3D_3rdparty_vtk_vtkCommonMisc-9.1.a */; };
		849C91B92C7E9F7B007DFBDE /* libOpen3D_3rdparty_filament_filamat_lite.a in Frameworks */ = {isa = PBXBuildFile; fileRef = 849C91822C7E9F7B007DFBDE /* libOpen3D_3rdparty_filament_filamat_lite.a */; };
		849C91BA2C7E9F7B007DFBDE /* libOpen3D_3rdparty_blas.a in Frameworks */ = {isa = PBXBuildFile; fileRef = 849C91832C7E9F7B007DFBDE /* libOpen3D_3rdparty_blas.a */; };
		849C91BB2C7E9F7B007DFBDE /* libOpen3D_3rdparty_filament_utils.a in Frameworks */ = {isa = PBXBuildFile; fileRef = 849C91842C7E9F7B007DFBDE /* libOpen3D_3rdparty_filament_utils.a */; };
		849C91BC2C7E9F7B007DFBDE /* libOpen3D_3rdparty_filament_smol-v.a in Frameworks */ = {isa = PBXBuildFile; fileRef = 849C91852C7E9F7B007DFBDE /* libOpen3D_3rdparty_filament_smol-v.a */; };
		849C91BD2C7E9F7B007DFBDE /* libOpen3D_3rdparty_openssl_crypto.a in Frameworks */ = {isa = PBXBuildFile; fileRef = 849C91862C7E9F7B007DFBDE /* libOpen3D_3rdparty_openssl_crypto.a */; };
		849C91BE2C7E9F7B007DFBDE /* libOpen3D_3rdparty_embree_math.a in Frameworks */ = {isa = PBXBuildFile; fileRef = 849C91872C7E9F7B007DFBDE /* libOpen3D_3rdparty_embree_math.a */; };
		849C91BF2C7E9F7B007DFBDE /* libOpen3D_3rdparty_vtk_vtkCommonSystem-9.1.a in Frameworks */ = {isa = PBXBuildFile; fileRef = 849C91882C7E9F7B007DFBDE /* libOpen3D_3rdparty_vtk_vtkCommonSystem-9.1.a */; };
		849C91C12C7EA0B3007DFBDE /* CoreFoundation.framework in Frameworks */ = {isa = PBXBuildFile; fileRef = 849C91C02C7EA0B3007DFBDE /* CoreFoundation.framework */; };
		849C91C32C7EA0FE007DFBDE /* Foundation.framework in Frameworks */ = {isa = PBXBuildFile; fileRef = 849C91C22C7EA0FE007DFBDE /* Foundation.framework */; };
		849C91C52C7EA18F007DFBDE /* CoreGraphics.framework in Frameworks */ = {isa = PBXBuildFile; fileRef = 849C91C42C7EA18F007DFBDE /* CoreGraphics.framework */; };
		849C91C72C7EA1CE007DFBDE /* CoreVideo.framework in Frameworks */ = {isa = PBXBuildFile; fileRef = 849C91C62C7EA1CE007DFBDE /* CoreVideo.framework */; };
		849C91C92C7EA212007DFBDE /* IOKit.framework in Frameworks */ = {isa = PBXBuildFile; fileRef = 849C91C82C7EA212007DFBDE /* IOKit.framework */; };
		849C91CB2C7EA259007DFBDE /* Metal.framework in Frameworks */ = {isa = PBXBuildFile; fileRef = 849C91CA2C7EA259007DFBDE /* Metal.framework */; };
		849C91CD2C7EA28A007DFBDE /* AppKit.framework in Frameworks */ = {isa = PBXBuildFile; fileRef = 849C91CC2C7EA28A007DFBDE /* AppKit.framework */; };
		849C91CF2C7EA2CE007DFBDE /* SystemConfiguration.framework in Frameworks */ = {isa = PBXBuildFile; fileRef = 849C91CE2C7EA2CE007DFBDE /* SystemConfiguration.framework */; };
/* End PBXBuildFile section */

/* Begin PBXCopyFilesBuildPhase section */
		841F3D532B49E90000483276 /* CopyFiles */ = {
			isa = PBXCopyFilesBuildPhase;
			buildActionMask = 2147483647;
			dstPath = /usr/share/man/man1/;
			dstSubfolderSpec = 0;
			files = (
			);
			runOnlyForDeploymentPostprocessing = 1;
		};
		848101F92C7667B800433168 /* Embed Libraries */ = {
			isa = PBXCopyFilesBuildPhase;
			buildActionMask = 12;
			dstPath = "";
			dstSubfolderSpec = 10;
			files = (
			);
			name = "Embed Libraries";
			runOnlyForDeploymentPostprocessing = 0;
		};
/* End PBXCopyFilesBuildPhase section */

/* Begin PBXFileReference section */
		840B67B62B5C28D1008AE661 /* shape.h */ = {isa = PBXFileReference; lastKnownFileType = sourcecode.c.h; path = shape.h; sourceTree = "<group>"; };
		8413ADFB2B89626F006693A1 /* GP.h */ = {isa = PBXFileReference; lastKnownFileType = sourcecode.c.h; path = GP.h; sourceTree = "<group>"; };
		8413ADFC2B8AB10C006693A1 /* LazyPredator */ = {isa = PBXFileReference; lastKnownFileType = folder; path = LazyPredator; sourceTree = "<group>"; };
		841F3D552B49E90000483276 /* evoflock */ = {isa = PBXFileReference; explicitFileType = "compiled.mach-o.executable"; includeInIndex = 0; path = evoflock; sourceTree = BUILT_PRODUCTS_DIR; };
		841F3D5F2B49E9FE00483276 /* main.cpp */ = {isa = PBXFileReference; fileEncoding = 4; lastKnownFileType = sourcecode.cpp.cpp; path = main.cpp; sourceTree = "<group>"; };
		841F3D612B49EE6C00483276 /* Vec3.h */ = {isa = PBXFileReference; lastKnownFileType = sourcecode.c.h; path = Vec3.h; sourceTree = "<group>"; };
		841F3D622B4A1C8100483276 /* LICENSE */ = {isa = PBXFileReference; lastKnownFileType = text; path = LICENSE; sourceTree = "<group>"; };
		841F3D632B4A1C8D00483276 /* README.md */ = {isa = PBXFileReference; lastKnownFileType = net.daringfireball.markdown; path = README.md; sourceTree = "<group>"; };
		841F3D642B4C73A500483276 /* Utilities.h */ = {isa = PBXFileReference; lastKnownFileType = sourcecode.c.h; path = Utilities.h; sourceTree = "<group>"; };
		843278062B50594E00CF4AEC /* LocalSpace.h */ = {isa = PBXFileReference; lastKnownFileType = sourcecode.c.h; path = LocalSpace.h; sourceTree = "<group>"; };
		843CA0DE2E21EB5300778963 /* temp_evo_update.png */ = {isa = PBXFileReference; lastKnownFileType = image.png; path = temp_evo_update.png; sourceTree = "<group>"; };
		843CA0DF2E233DE900778963 /* temp_fit_plot.png */ = {isa = PBXFileReference; lastKnownFileType = image.png; path = temp_fit_plot.png; sourceTree = "<group>"; };
		845F845D2D90E397000BF13C /* FlockParameters.h */ = {isa = PBXFileReference; lastKnownFileType = sourcecode.c.h; path = FlockParameters.h; sourceTree = "<group>"; };
		847454BE2B6195F000214306 /* obstacle.h */ = {isa = PBXFileReference; lastKnownFileType = sourcecode.c.h; path = obstacle.h; sourceTree = "<group>"; };
		847454BF2B65BE9C00214306 /* Boid.h */ = {isa = PBXFileReference; lastKnownFileType = sourcecode.c.h; path = Boid.h; sourceTree = "<group>"; };
		847C8CF32E4180F100DBC072 /* 20250806_UCSC_inverse_flocks.pdf */ = {isa = PBXFileReference; lastKnownFileType = image.pdf; path = 20250806_UCSC_inverse_flocks.pdf; sourceTree = "<group>"; };
		848101F62C7666CA00433168 /* libOpen3D.0.18.0.dylib */ = {isa = PBXFileReference; lastKnownFileType = "compiled.mach-o.dylib"; name = libOpen3D.0.18.0.dylib; path = "../open3d-devel-darwin-arm64-0.18.0+c219d82/lib/libOpen3D.0.18.0.dylib"; sourceTree = "<group>"; };
		848101FB2C77B53E00433168 /* CMakeLists.txt */ = {isa = PBXFileReference; lastKnownFileType = text; path = CMakeLists.txt; sourceTree = "<group>"; };
		848BC33C2B69856700509CE5 /* flock.h */ = {isa = PBXFileReference; lastKnownFileType = sourcecode.c.h; path = flock.h; sourceTree = "<group>"; };
		849817952E077C11002B4548 /* fitness_plot_template.numbers */ = {isa = PBXFileReference; lastKnownFileType = file; path = fitness_plot_template.numbers; sourceTree = "<group>"; };
		849817962E1368DC002B4548 /* EvoFlock_Figures.pages */ = {isa = PBXFileReference; lastKnownFileType = file; path = EvoFlock_Figures.pages; sourceTree = "<group>"; };
		849817992E1ACC39002B4548 /* temp_fig_1.png */ = {isa = PBXFileReference; lastKnownFileType = image.png; path = temp_fig_1.png; sourceTree = "<group>"; };
		8498179A2E1ACC39002B4548 /* temp_MOF_HV.png */ = {isa = PBXFileReference; lastKnownFileType = image.png; path = temp_MOF_HV.png; sourceTree = "<group>"; };
		8498179B2E1ACC39002B4548 /* temp_sep_score.png */ = {isa = PBXFileReference; lastKnownFileType = image.png; path = temp_sep_score.png; sourceTree = "<group>"; };
		8498179C2E1ACC39002B4548 /* temp_speed_score.png */ = {isa = PBXFileReference; lastKnownFileType = image.png; path = temp_speed_score.png; sourceTree = "<group>"; };
		8498179E2E1ACC39002B4548 /* alifeconf.sty */ = {isa = PBXFileReference; lastKnownFileType = text; path = alifeconf.sty; sourceTree = "<group>"; };
		8498179F2E1ACC39002B4548 /* Evoflock.bib */ = {isa = PBXFileReference; lastKnownFileType = text; path = Evoflock.bib; sourceTree = "<group>"; };
		849817A02E1ACC39002B4548 /* EvoFlock.tex */ = {isa = PBXFileReference; lastKnownFileType = text; path = EvoFlock.tex; sourceTree = "<group>"; };
		849C91502C7E9DFC007DFBDE /* libOpen3D.a */ = {isa = PBXFileReference; lastKnownFileType = archive.ar; name = libOpen3D.a; path = ../../../../../usr/local/lib/libOpen3D.a; sourceTree = "<group>"; };
		849C91522C7E9F7A007DFBDE /* libOpen3D_3rdparty_filament_filament.a */ = {isa = PBXFileReference; lastKnownFileType = archive.ar; name = libOpen3D_3rdparty_filament_filament.a; path = ../../../../../usr/local/lib/libOpen3D_3rdparty_filament_filament.a; sourceTree = "<group>"; };
		849C91532C7E9F7A007DFBDE /* libOpen3D_3rdparty_vtk_vtkpugixml-9.1.a */ = {isa = PBXFileReference; lastKnownFileType = archive.ar; name = "libOpen3D_3rdparty_vtk_vtkpugixml-9.1.a"; path = "../../../../../usr/local/lib/libOpen3D_3rdparty_vtk_vtkpugixml-9.1.a"; sourceTree = "<group>"; };
		849C91542C7E9F7A007DFBDE /* libOpen3D_3rdparty_vtk_vtkFiltersModeling-9.1.a */ = {isa = PBXFileReference; lastKnownFileType = archive.ar; name = "libOpen3D_3rdparty_vtk_vtkFiltersModeling-9.1.a"; path = "../../../../../usr/local/lib/libOpen3D_3rdparty_vtk_vtkFiltersModeling-9.1.a"; sourceTree = "<group>"; };
		849C91552C7E9F7A007DFBDE /* libOpen3D_3rdparty_qhull_r.a */ = {isa = PBXFileReference; lastKnownFileType = archive.ar; name = libOpen3D_3rdparty_qhull_r.a; path = ../../../../../usr/local/lib/libOpen3D_3rdparty_qhull_r.a; sourceTree = "<group>"; };
		849C91562C7E9F7A007DFBDE /* libOpen3D_3rdparty_vtk_vtkFiltersSources-9.1.a */ = {isa = PBXFileReference; lastKnownFileType = archive.ar; name = "libOpen3D_3rdparty_vtk_vtkFiltersSources-9.1.a"; path = "../../../../../usr/local/lib/libOpen3D_3rdparty_vtk_vtkFiltersSources-9.1.a"; sourceTree = "<group>"; };
		849C91572C7E9F7A007DFBDE /* libOpen3D_3rdparty_vtk_vtkFiltersCore-9.1.a */ = {isa = PBXFileReference; lastKnownFileType = archive.ar; name = "libOpen3D_3rdparty_vtk_vtkFiltersCore-9.1.a"; path = "../../../../../usr/local/lib/libOpen3D_3rdparty_vtk_vtkFiltersCore-9.1.a"; sourceTree = "<group>"; };
		849C91582C7E9F7A007DFBDE /* libOpen3D_3rdparty_embree_lexers.a */ = {isa = PBXFileReference; lastKnownFileType = archive.ar; name = libOpen3D_3rdparty_embree_lexers.a; path = ../../../../../usr/local/lib/libOpen3D_3rdparty_embree_lexers.a; sourceTree = "<group>"; };
		849C91592C7E9F7A007DFBDE /* libOpen3D_3rdparty_vtk_vtkFiltersGeneral-9.1.a */ = {isa = PBXFileReference; lastKnownFileType = archive.ar; name = "libOpen3D_3rdparty_vtk_vtkFiltersGeneral-9.1.a"; path = "../../../../../usr/local/lib/libOpen3D_3rdparty_vtk_vtkFiltersGeneral-9.1.a"; sourceTree = "<group>"; };
		849C915A2C7E9F7A007DFBDE /* libOpen3D_3rdparty_glew.a */ = {isa = PBXFileReference; lastKnownFileType = archive.ar; name = libOpen3D_3rdparty_glew.a; path = ../../../../../usr/local/lib/libOpen3D_3rdparty_glew.a; sourceTree = "<group>"; };
		849C915B2C7E9F7A007DFBDE /* libOpen3D_3rdparty_filament_vkshaders.a */ = {isa = PBXFileReference; lastKnownFileType = archive.ar; name = libOpen3D_3rdparty_filament_vkshaders.a; path = ../../../../../usr/local/lib/libOpen3D_3rdparty_filament_vkshaders.a; sourceTree = "<group>"; };
		849C915C2C7E9F7A007DFBDE /* libOpen3D_3rdparty_embree_embree4.a */ = {isa = PBXFileReference; lastKnownFileType = archive.ar; name = libOpen3D_3rdparty_embree_embree4.a; path = ../../../../../usr/local/lib/libOpen3D_3rdparty_embree_embree4.a; sourceTree = "<group>"; };
		849C915D2C7E9F7A007DFBDE /* libOpen3D_3rdparty_qhullcpp.a */ = {isa = PBXFileReference; lastKnownFileType = archive.ar; name = libOpen3D_3rdparty_qhullcpp.a; path = ../../../../../usr/local/lib/libOpen3D_3rdparty_qhullcpp.a; sourceTree = "<group>"; };
		849C915E2C7E9F7A007DFBDE /* libOpen3D_3rdparty_filament_filaflat.a */ = {isa = PBXFileReference; lastKnownFileType = archive.ar; name = libOpen3D_3rdparty_filament_filaflat.a; path = ../../../../../usr/local/lib/libOpen3D_3rdparty_filament_filaflat.a; sourceTree = "<group>"; };
		849C915F2C7E9F7A007DFBDE /* libOpen3D_3rdparty_filament_meshoptimizer.a */ = {isa = PBXFileReference; lastKnownFileType = archive.ar; name = libOpen3D_3rdparty_filament_meshoptimizer.a; path = ../../../../../usr/local/lib/libOpen3D_3rdparty_filament_meshoptimizer.a; sourceTree = "<group>"; };
		849C91602C7E9F7A007DFBDE /* libOpen3D_3rdparty_glfw.a */ = {isa = PBXFileReference; lastKnownFileType = archive.ar; name = libOpen3D_3rdparty_glfw.a; path = ../../../../../usr/local/lib/libOpen3D_3rdparty_glfw.a; sourceTree = "<group>"; };
		849C91612C7E9F7A007DFBDE /* libOpen3D_3rdparty_imgui.a */ = {isa = PBXFileReference; lastKnownFileType = archive.ar; name = libOpen3D_3rdparty_imgui.a; path = ../../../../../usr/local/lib/libOpen3D_3rdparty_imgui.a; sourceTree = "<group>"; };
		849C91622C7E9F7A007DFBDE /* libOpen3D_3rdparty_openssl_ssl.a */ = {isa = PBXFileReference; lastKnownFileType = archive.ar; name = libOpen3D_3rdparty_openssl_ssl.a; path = ../../../../../usr/local/lib/libOpen3D_3rdparty_openssl_ssl.a; sourceTree = "<group>"; };
		849C91632C7E9F7A007DFBDE /* libOpen3D_3rdparty_filament_bluegl.a */ = {isa = PBXFileReference; lastKnownFileType = archive.ar; name = libOpen3D_3rdparty_filament_bluegl.a; path = ../../../../../usr/local/lib/libOpen3D_3rdparty_filament_bluegl.a; sourceTree = "<group>"; };
		849C91642C7E9F7A007DFBDE /* libOpen3D_3rdparty_curl.a */ = {isa = PBXFileReference; lastKnownFileType = archive.ar; name = libOpen3D_3rdparty_curl.a; path = ../../../../../usr/local/lib/libOpen3D_3rdparty_curl.a; sourceTree = "<group>"; };
		849C91652C7E9F7A007DFBDE /* libOpen3D_3rdparty_filament_filameshio.a */ = {isa = PBXFileReference; lastKnownFileType = archive.ar; name = libOpen3D_3rdparty_filament_filameshio.a; path = ../../../../../usr/local/lib/libOpen3D_3rdparty_filament_filameshio.a; sourceTree = "<group>"; };
		849C91662C7E9F7A007DFBDE /* libOpen3D_3rdparty_embree_tasking.a */ = {isa = PBXFileReference; lastKnownFileType = archive.ar; name = libOpen3D_3rdparty_embree_tasking.a; path = ../../../../../usr/local/lib/libOpen3D_3rdparty_embree_tasking.a; sourceTree = "<group>"; };
		849C91672C7E9F7A007DFBDE /* libOpen3D_3rdparty_filament_ibl.a */ = {isa = PBXFileReference; lastKnownFileType = archive.ar; name = libOpen3D_3rdparty_filament_ibl.a; path = ../../../../../usr/local/lib/libOpen3D_3rdparty_filament_ibl.a; sourceTree = "<group>"; };
		849C91682C7E9F7A007DFBDE /* libOpen3D_3rdparty_liblzf.a */ = {isa = PBXFileReference; lastKnownFileType = archive.ar; name = libOpen3D_3rdparty_liblzf.a; path = ../../../../../usr/local/lib/libOpen3D_3rdparty_liblzf.a; sourceTree = "<group>"; };
		849C91692C7E9F7A007DFBDE /* libOpen3D_3rdparty_embree_sys.a */ = {isa = PBXFileReference; lastKnownFileType = archive.ar; name = libOpen3D_3rdparty_embree_sys.a; path = ../../../../../usr/local/lib/libOpen3D_3rdparty_embree_sys.a; sourceTree = "<group>"; };
		849C916A2C7E9F7A007DFBDE /* libOpen3D_3rdparty_zlib.a */ = {isa = PBXFileReference; lastKnownFileType = archive.ar; name = libOpen3D_3rdparty_zlib.a; path = ../../../../../usr/local/lib/libOpen3D_3rdparty_zlib.a; sourceTree = "<group>"; };
		849C916B2C7E9F7B007DFBDE /* libOpen3D_3rdparty_uvatlas.a */ = {isa = PBXFileReference; lastKnownFileType = archive.ar; name = libOpen3D_3rdparty_uvatlas.a; path = ../../../../../usr/local/lib/libOpen3D_3rdparty_uvatlas.a; sourceTree = "<group>"; };
		849C916C2C7E9F7B007DFBDE /* libOpen3D_3rdparty_jsoncpp.a */ = {isa = PBXFileReference; lastKnownFileType = archive.ar; name = libOpen3D_3rdparty_jsoncpp.a; path = ../../../../../usr/local/lib/libOpen3D_3rdparty_jsoncpp.a; sourceTree = "<group>"; };
		849C916D2C7E9F7B007DFBDE /* libOpen3D_3rdparty_vtk_vtkCommonMath-9.1.a */ = {isa = PBXFileReference; lastKnownFileType = archive.ar; name = "libOpen3D_3rdparty_vtk_vtkCommonMath-9.1.a"; path = "../../../../../usr/local/lib/libOpen3D_3rdparty_vtk_vtkCommonMath-9.1.a"; sourceTree = "<group>"; };
		849C916E2C7E9F7B007DFBDE /* libOpen3D_3rdparty_filament_image.a */ = {isa = PBXFileReference; lastKnownFileType = archive.ar; name = libOpen3D_3rdparty_filament_image.a; path = ../../../../../usr/local/lib/libOpen3D_3rdparty_filament_image.a; sourceTree = "<group>"; };
		849C916F2C7E9F7B007DFBDE /* libOpen3D_3rdparty_vtk_vtkCommonCore-9.1.a */ = {isa = PBXFileReference; lastKnownFileType = archive.ar; name = "libOpen3D_3rdparty_vtk_vtkCommonCore-9.1.a"; path = "../../../../../usr/local/lib/libOpen3D_3rdparty_vtk_vtkCommonCore-9.1.a"; sourceTree = "<group>"; };
		849C91702C7E9F7B007DFBDE /* libOpen3D_3rdparty_embree_simd.a */ = {isa = PBXFileReference; lastKnownFileType = archive.ar; name = libOpen3D_3rdparty_embree_simd.a; path = ../../../../../usr/local/lib/libOpen3D_3rdparty_embree_simd.a; sourceTree = "<group>"; };
		849C91712C7E9F7B007DFBDE /* libOpen3D_3rdparty_tinyfiledialogs.a */ = {isa = PBXFileReference; lastKnownFileType = archive.ar; name = libOpen3D_3rdparty_tinyfiledialogs.a; path = ../../../../../usr/local/lib/libOpen3D_3rdparty_tinyfiledialogs.a; sourceTree = "<group>"; };
		849C91722C7E9F7B007DFBDE /* libOpen3D_3rdparty_vtk_vtkCommonDataModel-9.1.a */ = {isa = PBXFileReference; lastKnownFileType = archive.ar; name = "libOpen3D_3rdparty_vtk_vtkCommonDataModel-9.1.a"; path = "../../../../../usr/local/lib/libOpen3D_3rdparty_vtk_vtkCommonDataModel-9.1.a"; sourceTree = "<group>"; };
		849C91732C7E9F7B007DFBDE /* libOpen3D_3rdparty_png.a */ = {isa = PBXFileReference; lastKnownFileType = archive.ar; name = libOpen3D_3rdparty_png.a; path = ../../../../../usr/local/lib/libOpen3D_3rdparty_png.a; sourceTree = "<group>"; };
		849C91742C7E9F7B007DFBDE /* libOpen3D_3rdparty_assimp.a */ = {isa = PBXFileReference; lastKnownFileType = archive.ar; name = libOpen3D_3rdparty_assimp.a; path = ../../../../../usr/local/lib/libOpen3D_3rdparty_assimp.a; sourceTree = "<group>"; };
		849C91752C7E9F7B007DFBDE /* libOpen3D_3rdparty_vtk_vtksys-9.1.a */ = {isa = PBXFileReference; lastKnownFileType = archive.ar; name = "libOpen3D_3rdparty_vtk_vtksys-9.1.a"; path = "../../../../../usr/local/lib/libOpen3D_3rdparty_vtk_vtksys-9.1.a"; sourceTree = "<group>"; };
		849C91762C7E9F7B007DFBDE /* libOpen3D_3rdparty_embree_embree_avx2.a */ = {isa = PBXFileReference; lastKnownFileType = archive.ar; name = libOpen3D_3rdparty_embree_embree_avx2.a; path = ../../../../../usr/local/lib/libOpen3D_3rdparty_embree_embree_avx2.a; sourceTree = "<group>"; };
		849C91772C7E9F7B007DFBDE /* libOpen3D_3rdparty_rply.a */ = {isa = PBXFileReference; lastKnownFileType = archive.ar; name = libOpen3D_3rdparty_rply.a; path = ../../../../../usr/local/lib/libOpen3D_3rdparty_rply.a; sourceTree = "<group>"; };
		849C91782C7E9F7B007DFBDE /* libOpen3D_3rdparty_vtk_vtkCommonExecutionModel-9.1.a */ = {isa = PBXFileReference; lastKnownFileType = archive.ar; name = "libOpen3D_3rdparty_vtk_vtkCommonExecutionModel-9.1.a"; path = "../../../../../usr/local/lib/libOpen3D_3rdparty_vtk_vtkCommonExecutionModel-9.1.a"; sourceTree = "<group>"; };
		849C91792C7E9F7B007DFBDE /* libOpen3D_3rdparty_filament_geometry.a */ = {isa = PBXFileReference; lastKnownFileType = archive.ar; name = libOpen3D_3rdparty_filament_geometry.a; path = ../../../../../usr/local/lib/libOpen3D_3rdparty_filament_geometry.a; sourceTree = "<group>"; };
		849C917A2C7E9F7B007DFBDE /* libOpen3D_3rdparty_vtk_vtkkissfft-9.1.a */ = {isa = PBXFileReference; lastKnownFileType = archive.ar; name = "libOpen3D_3rdparty_vtk_vtkkissfft-9.1.a"; path = "../../../../../usr/local/lib/libOpen3D_3rdparty_vtk_vtkkissfft-9.1.a"; sourceTree = "<group>"; };
		849C917B2C7E9F7B007DFBDE /* libOpen3D_3rdparty_zeromq.a */ = {isa = PBXFileReference; lastKnownFileType = archive.ar; name = libOpen3D_3rdparty_zeromq.a; path = ../../../../../usr/local/lib/libOpen3D_3rdparty_zeromq.a; sourceTree = "<group>"; };
		849C917C2C7E9F7B007DFBDE /* libOpen3D_3rdparty_fmt.a */ = {isa = PBXFileReference; lastKnownFileType = archive.ar; name = libOpen3D_3rdparty_fmt.a; path = ../../../../../usr/local/lib/libOpen3D_3rdparty_fmt.a; sourceTree = "<group>"; };
		849C917D2C7E9F7B007DFBDE /* libOpen3D_3rdparty_filament_filabridge.a */ = {isa = PBXFileReference; lastKnownFileType = archive.ar; name = libOpen3D_3rdparty_filament_filabridge.a; path = ../../../../../usr/local/lib/libOpen3D_3rdparty_filament_filabridge.a; sourceTree = "<group>"; };
		849C917E2C7E9F7B007DFBDE /* libOpen3D_3rdparty_vtk_vtkCommonTransforms-9.1.a */ = {isa = PBXFileReference; lastKnownFileType = archive.ar; name = "libOpen3D_3rdparty_vtk_vtkCommonTransforms-9.1.a"; path = "../../../../../usr/local/lib/libOpen3D_3rdparty_vtk_vtkCommonTransforms-9.1.a"; sourceTree = "<group>"; };
		849C917F2C7E9F7B007DFBDE /* libOpen3D_3rdparty_filament_backend.a */ = {isa = PBXFileReference; lastKnownFileType = archive.ar; name = libOpen3D_3rdparty_filament_backend.a; path = ../../../../../usr/local/lib/libOpen3D_3rdparty_filament_backend.a; sourceTree = "<group>"; };
		849C91802C7E9F7B007DFBDE /* libOpen3D_3rdparty_jpeg.a */ = {isa = PBXFileReference; lastKnownFileType = archive.ar; name = libOpen3D_3rdparty_jpeg.a; path = ../../../../../usr/local/lib/libOpen3D_3rdparty_jpeg.a; sourceTree = "<group>"; };
		849C91812C7E9F7B007DFBDE /* libOpen3D_3rdparty_vtk_vtkCommonMisc-9.1.a */ = {isa = PBXFileReference; lastKnownFileType = archive.ar; name = "libOpen3D_3rdparty_vtk_vtkCommonMisc-9.1.a"; path = "../../../../../usr/local/lib/libOpen3D_3rdparty_vtk_vtkCommonMisc-9.1.a"; sourceTree = "<group>"; };
		849C91822C7E9F7B007DFBDE /* libOpen3D_3rdparty_filament_filamat_lite.a */ = {isa = PBXFileReference; lastKnownFileType = archive.ar; name = libOpen3D_3rdparty_filament_filamat_lite.a; path = ../../../../../usr/local/lib/libOpen3D_3rdparty_filament_filamat_lite.a; sourceTree = "<group>"; };
		849C91832C7E9F7B007DFBDE /* libOpen3D_3rdparty_blas.a */ = {isa = PBXFileReference; lastKnownFileType = archive.ar; name = libOpen3D_3rdparty_blas.a; path = ../../../../../usr/local/lib/libOpen3D_3rdparty_blas.a; sourceTree = "<group>"; };
		849C91842C7E9F7B007DFBDE /* libOpen3D_3rdparty_filament_utils.a */ = {isa = PBXFileReference; lastKnownFileType = archive.ar; name = libOpen3D_3rdparty_filament_utils.a; path = ../../../../../usr/local/lib/libOpen3D_3rdparty_filament_utils.a; sourceTree = "<group>"; };
		849C91852C7E9F7B007DFBDE /* libOpen3D_3rdparty_filament_smol-v.a */ = {isa = PBXFileReference; lastKnownFileType = archive.ar; name = "libOpen3D_3rdparty_filament_smol-v.a"; path = "../../../../../usr/local/lib/libOpen3D_3rdparty_filament_smol-v.a"; sourceTree = "<group>"; };
		849C91862C7E9F7B007DFBDE /* libOpen3D_3rdparty_openssl_crypto.a */ = {isa = PBXFileReference; lastKnownFileType = archive.ar; name = libOpen3D_3rdparty_openssl_crypto.a; path = ../../../../../usr/local/lib/libOpen3D_3rdparty_openssl_crypto.a; sourceTree = "<group>"; };
		849C91872C7E9F7B007DFBDE /* libOpen3D_3rdparty_embree_math.a */ = {isa = PBXFileReference; lastKnownFileType = archive.ar; name = libOpen3D_3rdparty_embree_math.a; path = ../../../../../usr/local/lib/libOpen3D_3rdparty_embree_math.a; sourceTree = "<group>"; };
		849C91882C7E9F7B007DFBDE /* libOpen3D_3rdparty_vtk_vtkCommonSystem-9.1.a */ = {isa = PBXFileReference; lastKnownFileType = archive.ar; name = "libOpen3D_3rdparty_vtk_vtkCommonSystem-9.1.a"; path = "../../../../../usr/local/lib/libOpen3D_3rdparty_vtk_vtkCommonSystem-9.1.a"; sourceTree = "<group>"; };
		849C91C02C7EA0B3007DFBDE /* CoreFoundation.framework */ = {isa = PBXFileReference; lastKnownFileType = wrapper.framework; name = CoreFoundation.framework; path = System/Library/Frameworks/CoreFoundation.framework; sourceTree = SDKROOT; };
		849C91C22C7EA0FE007DFBDE /* Foundation.framework */ = {isa = PBXFileReference; lastKnownFileType = wrapper.framework; name = Foundation.framework; path = System/Library/Frameworks/Foundation.framework; sourceTree = SDKROOT; };
		849C91C42C7EA18F007DFBDE /* CoreGraphics.framework */ = {isa = PBXFileReference; lastKnownFileType = wrapper.framework; name = CoreGraphics.framework; path = System/Library/Frameworks/CoreGraphics.framework; sourceTree = SDKROOT; };
		849C91C62C7EA1CE007DFBDE /* CoreVideo.framework */ = {isa = PBXFileReference; lastKnownFileType = wrapper.framework; name = CoreVideo.framework; path = System/Library/Frameworks/CoreVideo.framework; sourceTree = SDKROOT; };
		849C91C82C7EA212007DFBDE /* IOKit.framework */ = {isa = PBXFileReference; lastKnownFileType = wrapper.framework; name = IOKit.framework; path = System/Library/Frameworks/IOKit.framework; sourceTree = SDKROOT; };
		849C91CA2C7EA259007DFBDE /* Metal.framework */ = {isa = PBXFileReference; lastKnownFileType = wrapper.framework; name = Metal.framework; path = System/Library/Frameworks/Metal.framework; sourceTree = SDKROOT; };
		849C91CC2C7EA28A007DFBDE /* AppKit.framework */ = {isa = PBXFileReference; lastKnownFileType = wrapper.framework; name = AppKit.framework; path = System/Library/Frameworks/AppKit.framework; sourceTree = SDKROOT; };
		849C91CE2C7EA2CE007DFBDE /* SystemConfiguration.framework */ = {isa = PBXFileReference; lastKnownFileType = wrapper.framework; name = SystemConfiguration.framework; path = System/Library/Frameworks/SystemConfiguration.framework; sourceTree = SDKROOT; };
		849C92052C8780DC007DFBDE /* evoflock.h */ = {isa = PBXFileReference; lastKnownFileType = sourcecode.c.h; path = evoflock.h; sourceTree = "<group>"; };
		849C92062C8F525F007DFBDE /* Draw.h */ = {isa = PBXFileReference; lastKnownFileType = sourcecode.c.h; path = Draw.h; sourceTree = "<group>"; };
		84A248392BE076450062EB95 /* dbscan.h */ = {isa = PBXFileReference; lastKnownFileType = sourcecode.c.h; path = dbscan.h; sourceTree = "<group>"; };
		84A582972B5207000008CEE8 /* Agent.h */ = {isa = PBXFileReference; lastKnownFileType = sourcecode.c.h; path = Agent.h; sourceTree = "<group>"; };
/* End PBXFileReference section */

/* Begin PBXFrameworksBuildPhase section */
		841F3D522B49E90000483276 /* Frameworks */ = {
			isa = PBXFrameworksBuildPhase;
			buildActionMask = 2147483647;
			files = (
				849C91CF2C7EA2CE007DFBDE /* SystemConfiguration.framework in Frameworks */,
				849C91CD2C7EA28A007DFBDE /* AppKit.framework in Frameworks */,
				849C91CB2C7EA259007DFBDE /* Metal.framework in Frameworks */,
				849C91C92C7EA212007DFBDE /* IOKit.framework in Frameworks */,
				849C91C72C7EA1CE007DFBDE /* CoreVideo.framework in Frameworks */,
				849C91C52C7EA18F007DFBDE /* CoreGraphics.framework in Frameworks */,
				849C91C32C7EA0FE007DFBDE /* Foundation.framework in Frameworks */,
				849C91C12C7EA0B3007DFBDE /* CoreFoundation.framework in Frameworks */,
				849C91512C7E9DFC007DFBDE /* libOpen3D.a in Frameworks */,
				849C91892C7E9F7B007DFBDE /* libOpen3D_3rdparty_filament_filament.a in Frameworks */,
				849C918A2C7E9F7B007DFBDE /* libOpen3D_3rdparty_vtk_vtkpugixml-9.1.a in Frameworks */,
				849C918B2C7E9F7B007DFBDE /* libOpen3D_3rdparty_vtk_vtkFiltersModeling-9.1.a in Frameworks */,
				849C918C2C7E9F7B007DFBDE /* libOpen3D_3rdparty_qhull_r.a in Frameworks */,
				849C918D2C7E9F7B007DFBDE /* libOpen3D_3rdparty_vtk_vtkFiltersSources-9.1.a in Frameworks */,
				849C918E2C7E9F7B007DFBDE /* libOpen3D_3rdparty_vtk_vtkFiltersCore-9.1.a in Frameworks */,
				849C918F2C7E9F7B007DFBDE /* libOpen3D_3rdparty_embree_lexers.a in Frameworks */,
				849C91902C7E9F7B007DFBDE /* libOpen3D_3rdparty_vtk_vtkFiltersGeneral-9.1.a in Frameworks */,
				849C91912C7E9F7B007DFBDE /* libOpen3D_3rdparty_glew.a in Frameworks */,
				849C91922C7E9F7B007DFBDE /* libOpen3D_3rdparty_filament_vkshaders.a in Frameworks */,
				849C91932C7E9F7B007DFBDE /* libOpen3D_3rdparty_embree_embree4.a in Frameworks */,
				849C91942C7E9F7B007DFBDE /* libOpen3D_3rdparty_qhullcpp.a in Frameworks */,
				849C91952C7E9F7B007DFBDE /* libOpen3D_3rdparty_filament_filaflat.a in Frameworks */,
				849C91962C7E9F7B007DFBDE /* libOpen3D_3rdparty_filament_meshoptimizer.a in Frameworks */,
				849C91972C7E9F7B007DFBDE /* libOpen3D_3rdparty_glfw.a in Frameworks */,
				849C91982C7E9F7B007DFBDE /* libOpen3D_3rdparty_imgui.a in Frameworks */,
				849C91992C7E9F7B007DFBDE /* libOpen3D_3rdparty_openssl_ssl.a in Frameworks */,
				849C919A2C7E9F7B007DFBDE /* libOpen3D_3rdparty_filament_bluegl.a in Frameworks */,
				849C919B2C7E9F7B007DFBDE /* libOpen3D_3rdparty_curl.a in Frameworks */,
				849C919C2C7E9F7B007DFBDE /* libOpen3D_3rdparty_filament_filameshio.a in Frameworks */,
				849C919D2C7E9F7B007DFBDE /* libOpen3D_3rdparty_embree_tasking.a in Frameworks */,
				849C919E2C7E9F7B007DFBDE /* libOpen3D_3rdparty_filament_ibl.a in Frameworks */,
				849C919F2C7E9F7B007DFBDE /* libOpen3D_3rdparty_liblzf.a in Frameworks */,
				849C91A02C7E9F7B007DFBDE /* libOpen3D_3rdparty_embree_sys.a in Frameworks */,
				849C91A12C7E9F7B007DFBDE /* libOpen3D_3rdparty_zlib.a in Frameworks */,
				849C91A22C7E9F7B007DFBDE /* libOpen3D_3rdparty_uvatlas.a in Frameworks */,
				849C91A32C7E9F7B007DFBDE /* libOpen3D_3rdparty_jsoncpp.a in Frameworks */,
				849C91A42C7E9F7B007DFBDE /* libOpen3D_3rdparty_vtk_vtkCommonMath-9.1.a in Frameworks */,
				849C91A52C7E9F7B007DFBDE /* libOpen3D_3rdparty_filament_image.a in Frameworks */,
				849C91A62C7E9F7B007DFBDE /* libOpen3D_3rdparty_vtk_vtkCommonCore-9.1.a in Frameworks */,
				849C91A72C7E9F7B007DFBDE /* libOpen3D_3rdparty_embree_simd.a in Frameworks */,
				849C91A82C7E9F7B007DFBDE /* libOpen3D_3rdparty_tinyfiledialogs.a in Frameworks */,
				849C91A92C7E9F7B007DFBDE /* libOpen3D_3rdparty_vtk_vtkCommonDataModel-9.1.a in Frameworks */,
				849C91AA2C7E9F7B007DFBDE /* libOpen3D_3rdparty_png.a in Frameworks */,
				849C91AB2C7E9F7B007DFBDE /* libOpen3D_3rdparty_assimp.a in Frameworks */,
				849C91AC2C7E9F7B007DFBDE /* libOpen3D_3rdparty_vtk_vtksys-9.1.a in Frameworks */,
				849C91AD2C7E9F7B007DFBDE /* libOpen3D_3rdparty_embree_embree_avx2.a in Frameworks */,
				849C91AE2C7E9F7B007DFBDE /* libOpen3D_3rdparty_rply.a in Frameworks */,
				849C91AF2C7E9F7B007DFBDE /* libOpen3D_3rdparty_vtk_vtkCommonExecutionModel-9.1.a in Frameworks */,
				849C91B02C7E9F7B007DFBDE /* libOpen3D_3rdparty_filament_geometry.a in Frameworks */,
				849C91B12C7E9F7B007DFBDE /* libOpen3D_3rdparty_vtk_vtkkissfft-9.1.a in Frameworks */,
				849C91B22C7E9F7B007DFBDE /* libOpen3D_3rdparty_zeromq.a in Frameworks */,
				849C91B32C7E9F7B007DFBDE /* libOpen3D_3rdparty_fmt.a in Frameworks */,
				849C91B42C7E9F7B007DFBDE /* libOpen3D_3rdparty_filament_filabridge.a in Frameworks */,
				849C91B52C7E9F7B007DFBDE /* libOpen3D_3rdparty_vtk_vtkCommonTransforms-9.1.a in Frameworks */,
				849C91B62C7E9F7B007DFBDE /* libOpen3D_3rdparty_filament_backend.a in Frameworks */,
				849C91B72C7E9F7B007DFBDE /* libOpen3D_3rdparty_jpeg.a in Frameworks */,
				849C91B82C7E9F7B007DFBDE /* libOpen3D_3rdparty_vtk_vtkCommonMisc-9.1.a in Frameworks */,
				849C91B92C7E9F7B007DFBDE /* libOpen3D_3rdparty_filament_filamat_lite.a in Frameworks */,
				849C91BA2C7E9F7B007DFBDE /* libOpen3D_3rdparty_blas.a in Frameworks */,
				849C91BB2C7E9F7B007DFBDE /* libOpen3D_3rdparty_filament_utils.a in Frameworks */,
				849C91BC2C7E9F7B007DFBDE /* libOpen3D_3rdparty_filament_smol-v.a in Frameworks */,
				849C91BD2C7E9F7B007DFBDE /* libOpen3D_3rdparty_openssl_crypto.a in Frameworks */,
				849C91BE2C7E9F7B007DFBDE /* libOpen3D_3rdparty_embree_math.a in Frameworks */,
				849C91BF2C7E9F7B007DFBDE /* libOpen3D_3rdparty_vtk_vtkCommonSystem-9.1.a in Frameworks */,
			);
			runOnlyForDeploymentPostprocessing = 0;
		};
/* End PBXFrameworksBuildPhase section */

/* Begin PBXGroup section */
		8419349C2DE3F66800A9C8EE /* doc */ = {
			isa = PBXGroup;
			children = (
				849817A12E1ACC39002B4548 /* EvoFlock paper */,
				849817962E1368DC002B4548 /* EvoFlock_Figures.pages */,
				849817952E077C11002B4548 /* fitness_plot_template.numbers */,
				847C8CF32E4180F100DBC072 /* 20250806_UCSC_inverse_flocks.pdf */,
			);
			path = doc;
			sourceTree = "<group>";
		};
		841F3D4C2B49E90000483276 = {
			isa = PBXGroup;
			children = (
				84A582972B5207000008CEE8 /* Agent.h */,
				847454BF2B65BE9C00214306 /* Boid.h */,
				84A248392BE076450062EB95 /* dbscan.h */,
				849C92062C8F525F007DFBDE /* Draw.h */,
				848BC33C2B69856700509CE5 /* flock.h */,
				845F845D2D90E397000BF13C /* FlockParameters.h */,
				8413ADFB2B89626F006693A1 /* GP.h */,
				841F3D622B4A1C8100483276 /* LICENSE */,
				843278062B50594E00CF4AEC /* LocalSpace.h */,
				841F3D5F2B49E9FE00483276 /* main.cpp */,
				849C92052C8780DC007DFBDE /* evoflock.h */,
				847454BE2B6195F000214306 /* obstacle.h */,
				841F3D632B4A1C8D00483276 /* README.md */,
				840B67B62B5C28D1008AE661 /* shape.h */,
				841F3D642B4C73A500483276 /* Utilities.h */,
				841F3D612B49EE6C00483276 /* Vec3.h */,
				848101FB2C77B53E00433168 /* CMakeLists.txt */,
				8413ADFC2B8AB10C006693A1 /* LazyPredator */,
				8419349C2DE3F66800A9C8EE /* doc */,
				841F3D562B49E90000483276 /* Products */,
				848101F52C7666CA00433168 /* Frameworks */,
			);
			sourceTree = "<group>";
		};
		841F3D562B49E90000483276 /* Products */ = {
			isa = PBXGroup;
			children = (
				841F3D552B49E90000483276 /* evoflock */,
			);
			name = Products;
			sourceTree = "<group>";
		};
		848101F52C7666CA00433168 /* Frameworks */ = {
			isa = PBXGroup;
			children = (
				849C91CE2C7EA2CE007DFBDE /* SystemConfiguration.framework */,
				849C91CC2C7EA28A007DFBDE /* AppKit.framework */,
				849C91CA2C7EA259007DFBDE /* Metal.framework */,
				849C91C82C7EA212007DFBDE /* IOKit.framework */,
				849C91C62C7EA1CE007DFBDE /* CoreVideo.framework */,
				849C91C42C7EA18F007DFBDE /* CoreGraphics.framework */,
				849C91C22C7EA0FE007DFBDE /* Foundation.framework */,
				849C91C02C7EA0B3007DFBDE /* CoreFoundation.framework */,
				849C91742C7E9F7B007DFBDE /* libOpen3D_3rdparty_assimp.a */,
				849C91832C7E9F7B007DFBDE /* libOpen3D_3rdparty_blas.a */,
				849C91642C7E9F7A007DFBDE /* libOpen3D_3rdparty_curl.a */,
				849C91762C7E9F7B007DFBDE /* libOpen3D_3rdparty_embree_embree_avx2.a */,
				849C915C2C7E9F7A007DFBDE /* libOpen3D_3rdparty_embree_embree4.a */,
				849C91582C7E9F7A007DFBDE /* libOpen3D_3rdparty_embree_lexers.a */,
				849C91872C7E9F7B007DFBDE /* libOpen3D_3rdparty_embree_math.a */,
				849C91702C7E9F7B007DFBDE /* libOpen3D_3rdparty_embree_simd.a */,
				849C91692C7E9F7A007DFBDE /* libOpen3D_3rdparty_embree_sys.a */,
				849C91662C7E9F7A007DFBDE /* libOpen3D_3rdparty_embree_tasking.a */,
				849C917F2C7E9F7B007DFBDE /* libOpen3D_3rdparty_filament_backend.a */,
				849C91632C7E9F7A007DFBDE /* libOpen3D_3rdparty_filament_bluegl.a */,
				849C917D2C7E9F7B007DFBDE /* libOpen3D_3rdparty_filament_filabridge.a */,
				849C915E2C7E9F7A007DFBDE /* libOpen3D_3rdparty_filament_filaflat.a */,
				849C91822C7E9F7B007DFBDE /* libOpen3D_3rdparty_filament_filamat_lite.a */,
				849C91522C7E9F7A007DFBDE /* libOpen3D_3rdparty_filament_filament.a */,
				849C91652C7E9F7A007DFBDE /* libOpen3D_3rdparty_filament_filameshio.a */,
				849C91792C7E9F7B007DFBDE /* libOpen3D_3rdparty_filament_geometry.a */,
				849C91672C7E9F7A007DFBDE /* libOpen3D_3rdparty_filament_ibl.a */,
				849C916E2C7E9F7B007DFBDE /* libOpen3D_3rdparty_filament_image.a */,
				849C915F2C7E9F7A007DFBDE /* libOpen3D_3rdparty_filament_meshoptimizer.a */,
				849C91852C7E9F7B007DFBDE /* libOpen3D_3rdparty_filament_smol-v.a */,
				849C91842C7E9F7B007DFBDE /* libOpen3D_3rdparty_filament_utils.a */,
				849C915B2C7E9F7A007DFBDE /* libOpen3D_3rdparty_filament_vkshaders.a */,
				849C917C2C7E9F7B007DFBDE /* libOpen3D_3rdparty_fmt.a */,
				849C915A2C7E9F7A007DFBDE /* libOpen3D_3rdparty_glew.a */,
				849C91602C7E9F7A007DFBDE /* libOpen3D_3rdparty_glfw.a */,
				849C91612C7E9F7A007DFBDE /* libOpen3D_3rdparty_imgui.a */,
				849C91802C7E9F7B007DFBDE /* libOpen3D_3rdparty_jpeg.a */,
				849C916C2C7E9F7B007DFBDE /* libOpen3D_3rdparty_jsoncpp.a */,
				849C91682C7E9F7A007DFBDE /* libOpen3D_3rdparty_liblzf.a */,
				849C91862C7E9F7B007DFBDE /* libOpen3D_3rdparty_openssl_crypto.a */,
				849C91622C7E9F7A007DFBDE /* libOpen3D_3rdparty_openssl_ssl.a */,
				849C91732C7E9F7B007DFBDE /* libOpen3D_3rdparty_png.a */,
				849C91552C7E9F7A007DFBDE /* libOpen3D_3rdparty_qhull_r.a */,
				849C915D2C7E9F7A007DFBDE /* libOpen3D_3rdparty_qhullcpp.a */,
				849C91772C7E9F7B007DFBDE /* libOpen3D_3rdparty_rply.a */,
				849C91712C7E9F7B007DFBDE /* libOpen3D_3rdparty_tinyfiledialogs.a */,
				849C916B2C7E9F7B007DFBDE /* libOpen3D_3rdparty_uvatlas.a */,
				849C916F2C7E9F7B007DFBDE /* libOpen3D_3rdparty_vtk_vtkCommonCore-9.1.a */,
				849C91722C7E9F7B007DFBDE /* libOpen3D_3rdparty_vtk_vtkCommonDataModel-9.1.a */,
				849C91782C7E9F7B007DFBDE /* libOpen3D_3rdparty_vtk_vtkCommonExecutionModel-9.1.a */,
				849C916D2C7E9F7B007DFBDE /* libOpen3D_3rdparty_vtk_vtkCommonMath-9.1.a */,
				849C91812C7E9F7B007DFBDE /* libOpen3D_3rdparty_vtk_vtkCommonMisc-9.1.a */,
				849C91882C7E9F7B007DFBDE /* libOpen3D_3rdparty_vtk_vtkCommonSystem-9.1.a */,
				849C917E2C7E9F7B007DFBDE /* libOpen3D_3rdparty_vtk_vtkCommonTransforms-9.1.a */,
				849C91572C7E9F7A007DFBDE /* libOpen3D_3rdparty_vtk_vtkFiltersCore-9.1.a */,
				849C91592C7E9F7A007DFBDE /* libOpen3D_3rdparty_vtk_vtkFiltersGeneral-9.1.a */,
				849C91542C7E9F7A007DFBDE /* libOpen3D_3rdparty_vtk_vtkFiltersModeling-9.1.a */,
				849C91562C7E9F7A007DFBDE /* libOpen3D_3rdparty_vtk_vtkFiltersSources-9.1.a */,
				849C917A2C7E9F7B007DFBDE /* libOpen3D_3rdparty_vtk_vtkkissfft-9.1.a */,
				849C91532C7E9F7A007DFBDE /* libOpen3D_3rdparty_vtk_vtkpugixml-9.1.a */,
				849C91752C7E9F7B007DFBDE /* libOpen3D_3rdparty_vtk_vtksys-9.1.a */,
				849C917B2C7E9F7B007DFBDE /* libOpen3D_3rdparty_zeromq.a */,
				849C916A2C7E9F7A007DFBDE /* libOpen3D_3rdparty_zlib.a */,
				849C91502C7E9DFC007DFBDE /* libOpen3D.a */,
				848101F62C7666CA00433168 /* libOpen3D.0.18.0.dylib */,
			);
			name = Frameworks;
			sourceTree = "<group>";
		};
		8498179D2E1ACC39002B4548 /* images */ = {
			isa = PBXGroup;
			children = (
				849817992E1ACC39002B4548 /* temp_fig_1.png */,
				8498179A2E1ACC39002B4548 /* temp_MOF_HV.png */,
				843CA0DE2E21EB5300778963 /* temp_evo_update.png */,
				843CA0DF2E233DE900778963 /* temp_fit_plot.png */,
				8498179B2E1ACC39002B4548 /* temp_sep_score.png */,
				8498179C2E1ACC39002B4548 /* temp_speed_score.png */,
			);
			path = images;
			sourceTree = "<group>";
		};
		849817A12E1ACC39002B4548 /* EvoFlock paper */ = {
			isa = PBXGroup;
			children = (
				8498179D2E1ACC39002B4548 /* images */,
				8498179E2E1ACC39002B4548 /* alifeconf.sty */,
				8498179F2E1ACC39002B4548 /* Evoflock.bib */,
				849817A02E1ACC39002B4548 /* EvoFlock.tex */,
			);
			path = "EvoFlock paper";
			sourceTree = "<group>";
		};
/* End PBXGroup section */

/* Begin PBXNativeTarget section */
		841F3D542B49E90000483276 /* evoflock */ = {
			isa = PBXNativeTarget;
			buildConfigurationList = 841F3D5C2B49E90000483276 /* Build configuration list for PBXNativeTarget "evoflock" */;
			buildPhases = (
				841F3D512B49E90000483276 /* Sources */,
				841F3D522B49E90000483276 /* Frameworks */,
				841F3D532B49E90000483276 /* CopyFiles */,
				848101F92C7667B800433168 /* Embed Libraries */,
			);
			buildRules = (
			);
			dependencies = (
			);
			name = evoflock;
			productName = evoflock;
			productReference = 841F3D552B49E90000483276 /* evoflock */;
			productType = "com.apple.product-type.tool";
		};
/* End PBXNativeTarget section */

/* Begin PBXProject section */
		841F3D4D2B49E90000483276 /* Project object */ = {
			isa = PBXProject;
			attributes = {
				BuildIndependentTargetsInParallel = 1;
				LastUpgradeCheck = 1520;
				TargetAttributes = {
					841F3D542B49E90000483276 = {
						CreatedOnToolsVersion = 15.1;
					};
				};
			};
			buildConfigurationList = 841F3D502B49E90000483276 /* Build configuration list for PBXProject "evoflock" */;
			compatibilityVersion = "Xcode 14.0";
			developmentRegion = en;
			hasScannedForEncodings = 0;
			knownRegions = (
				en,
				Base,
			);
			mainGroup = 841F3D4C2B49E90000483276;
			productRefGroup = 841F3D562B49E90000483276 /* Products */;
			projectDirPath = "";
			projectRoot = "";
			targets = (
				841F3D542B49E90000483276 /* evoflock */,
			);
		};
/* End PBXProject section */

/* Begin PBXSourcesBuildPhase section */
		841F3D512B49E90000483276 /* Sources */ = {
			isa = PBXSourcesBuildPhase;
			buildActionMask = 2147483647;
			files = (
				841F3D602B49E9FE00483276 /* main.cpp in Sources */,
			);
			runOnlyForDeploymentPostprocessing = 0;
		};
/* End PBXSourcesBuildPhase section */

/* Begin XCBuildConfiguration section */
		841F3D5A2B49E90000483276 /* Debug */ = {
			isa = XCBuildConfiguration;
			buildSettings = {
				ALWAYS_SEARCH_USER_PATHS = NO;
				ASSETCATALOG_COMPILER_GENERATE_SWIFT_ASSET_SYMBOL_EXTENSIONS = YES;
				CLANG_ANALYZER_NONNULL = YES;
				CLANG_ANALYZER_NUMBER_OBJECT_CONVERSION = YES_AGGRESSIVE;
				CLANG_CXX_LANGUAGE_STANDARD = "gnu++20";
				CLANG_ENABLE_MODULES = YES;
				CLANG_ENABLE_OBJC_ARC = YES;
				CLANG_ENABLE_OBJC_WEAK = YES;
				CLANG_WARN_BLOCK_CAPTURE_AUTORELEASING = YES;
				CLANG_WARN_BOOL_CONVERSION = YES;
				CLANG_WARN_COMMA = YES;
				CLANG_WARN_CONSTANT_CONVERSION = YES;
				CLANG_WARN_DEPRECATED_OBJC_IMPLEMENTATIONS = YES;
				CLANG_WARN_DIRECT_OBJC_ISA_USAGE = YES_ERROR;
				CLANG_WARN_DOCUMENTATION_COMMENTS = YES;
				CLANG_WARN_EMPTY_BODY = YES;
				CLANG_WARN_ENUM_CONVERSION = YES;
				CLANG_WARN_INFINITE_RECURSION = YES;
				CLANG_WARN_INT_CONVERSION = YES;
				CLANG_WARN_NON_LITERAL_NULL_CONVERSION = YES;
				CLANG_WARN_OBJC_IMPLICIT_RETAIN_SELF = YES;
				CLANG_WARN_OBJC_LITERAL_CONVERSION = YES;
				CLANG_WARN_OBJC_ROOT_CLASS = YES_ERROR;
				CLANG_WARN_QUOTED_INCLUDE_IN_FRAMEWORK_HEADER = YES;
				CLANG_WARN_RANGE_LOOP_ANALYSIS = YES;
				CLANG_WARN_STRICT_PROTOTYPES = YES;
				CLANG_WARN_SUSPICIOUS_MOVE = YES;
				CLANG_WARN_UNGUARDED_AVAILABILITY = YES_AGGRESSIVE;
				CLANG_WARN_UNREACHABLE_CODE = YES;
				CLANG_WARN__DUPLICATE_METHOD_MATCH = YES;
				COPY_PHASE_STRIP = NO;
				DEAD_CODE_STRIPPING = YES;
				DEBUG_INFORMATION_FORMAT = dwarf;
				ENABLE_STRICT_OBJC_MSGSEND = YES;
				ENABLE_TESTABILITY = YES;
				ENABLE_USER_SCRIPT_SANDBOXING = YES;
				GCC_C_LANGUAGE_STANDARD = gnu17;
				GCC_DYNAMIC_NO_PIC = NO;
				GCC_NO_COMMON_BLOCKS = YES;
				GCC_OPTIMIZATION_LEVEL = 0;
				GCC_PREPROCESSOR_DEFINITIONS = (
					"DEBUG=1",
					"$(inherited)",
				);
				GCC_WARN_64_TO_32_BIT_CONVERSION = YES;
				GCC_WARN_ABOUT_RETURN_TYPE = YES_ERROR;
				GCC_WARN_UNDECLARED_SELECTOR = YES;
				GCC_WARN_UNINITIALIZED_AUTOS = YES_AGGRESSIVE;
				GCC_WARN_UNUSED_FUNCTION = YES;
				GCC_WARN_UNUSED_VARIABLE = YES;
				LIBRARY_SEARCH_PATHS = "/Users/cwr/Documents/code/open3d-devel-darwin-arm64-0.18.0+c219d82/lib";
				LOCALIZATION_PREFERS_STRING_CATALOGS = YES;
				MACOSX_DEPLOYMENT_TARGET = 13.5;
				MTL_ENABLE_DEBUG_INFO = INCLUDE_SOURCE;
				MTL_FAST_MATH = YES;
				ONLY_ACTIVE_ARCH = YES;
				OTHER_LDFLAGS = "";
				SDKROOT = macosx;
				SYSTEM_HEADER_SEARCH_PATHS = (
					"/usr/local/include/eigen-3.4.0",
					"/Users/cwr/Documents/code/open3d-devel-darwin-arm64-0.18.0+c219d82/include/open3d/3rdparty",
					"/Users/cwr/Documents/code/open3d-devel-darwin-arm64-0.18.0+c219d82/include",
				);
			};
			name = Debug;
		};
		841F3D5B2B49E90000483276 /* Release */ = {
			isa = XCBuildConfiguration;
			buildSettings = {
				ALWAYS_SEARCH_USER_PATHS = NO;
				ASSETCATALOG_COMPILER_GENERATE_SWIFT_ASSET_SYMBOL_EXTENSIONS = YES;
				CLANG_ANALYZER_NONNULL = YES;
				CLANG_ANALYZER_NUMBER_OBJECT_CONVERSION = YES_AGGRESSIVE;
				CLANG_CXX_LANGUAGE_STANDARD = "gnu++20";
				CLANG_ENABLE_MODULES = YES;
				CLANG_ENABLE_OBJC_ARC = YES;
				CLANG_ENABLE_OBJC_WEAK = YES;
				CLANG_WARN_BLOCK_CAPTURE_AUTORELEASING = YES;
				CLANG_WARN_BOOL_CONVERSION = YES;
				CLANG_WARN_COMMA = YES;
				CLANG_WARN_CONSTANT_CONVERSION = YES;
				CLANG_WARN_DEPRECATED_OBJC_IMPLEMENTATIONS = YES;
				CLANG_WARN_DIRECT_OBJC_ISA_USAGE = YES_ERROR;
				CLANG_WARN_DOCUMENTATION_COMMENTS = YES;
				CLANG_WARN_EMPTY_BODY = YES;
				CLANG_WARN_ENUM_CONVERSION = YES;
				CLANG_WARN_INFINITE_RECURSION = YES;
				CLANG_WARN_INT_CONVERSION = YES;
				CLANG_WARN_NON_LITERAL_NULL_CONVERSION = YES;
				CLANG_WARN_OBJC_IMPLICIT_RETAIN_SELF = YES;
				CLANG_WARN_OBJC_LITERAL_CONVERSION = YES;
				CLANG_WARN_OBJC_ROOT_CLASS = YES_ERROR;
				CLANG_WARN_QUOTED_INCLUDE_IN_FRAMEWORK_HEADER = YES;
				CLANG_WARN_RANGE_LOOP_ANALYSIS = YES;
				CLANG_WARN_STRICT_PROTOTYPES = YES;
				CLANG_WARN_SUSPICIOUS_MOVE = YES;
				CLANG_WARN_UNGUARDED_AVAILABILITY = YES_AGGRESSIVE;
				CLANG_WARN_UNREACHABLE_CODE = YES;
				CLANG_WARN__DUPLICATE_METHOD_MATCH = YES;
				COPY_PHASE_STRIP = NO;
				DEAD_CODE_STRIPPING = YES;
				DEBUG_INFORMATION_FORMAT = "dwarf-with-dsym";
				ENABLE_NS_ASSERTIONS = NO;
				ENABLE_STRICT_OBJC_MSGSEND = YES;
				ENABLE_USER_SCRIPT_SANDBOXING = YES;
				GCC_C_LANGUAGE_STANDARD = gnu17;
				GCC_NO_COMMON_BLOCKS = YES;
				GCC_WARN_64_TO_32_BIT_CONVERSION = YES;
				GCC_WARN_ABOUT_RETURN_TYPE = YES_ERROR;
				GCC_WARN_UNDECLARED_SELECTOR = YES;
				GCC_WARN_UNINITIALIZED_AUTOS = YES_AGGRESSIVE;
				GCC_WARN_UNUSED_FUNCTION = YES;
				GCC_WARN_UNUSED_VARIABLE = YES;
				LIBRARY_SEARCH_PATHS = "/Users/cwr/Documents/code/open3d-devel-darwin-arm64-0.18.0+c219d82/lib";
				LOCALIZATION_PREFERS_STRING_CATALOGS = YES;
				MACOSX_DEPLOYMENT_TARGET = 13.5;
				MTL_ENABLE_DEBUG_INFO = NO;
				MTL_FAST_MATH = YES;
				ONLY_ACTIVE_ARCH = YES;
				OTHER_LDFLAGS = "";
				SDKROOT = macosx;
				SYSTEM_HEADER_SEARCH_PATHS = (
					"/usr/local/include/eigen-3.4.0",
					"/Users/cwr/Documents/code/open3d-devel-darwin-arm64-0.18.0+c219d82/include/open3d/3rdparty",
					"/Users/cwr/Documents/code/open3d-devel-darwin-arm64-0.18.0+c219d82/include",
				);
			};
			name = Release;
		};
		841F3D5D2B49E90000483276 /* Debug */ = {
			isa = XCBuildConfiguration;
			buildSettings = {
				CODE_SIGN_STYLE = Automatic;
				DEAD_CODE_STRIPPING = YES;
				GCC_C_LANGUAGE_STANDARD = gnu17;
				LIBRARY_SEARCH_PATHS = /usr/local/lib/;
				PRODUCT_NAME = "$(TARGET_NAME)";
				SYSTEM_HEADER_SEARCH_PATHS = (
					/usr/local/include,
					/usr/local/include/open3d,
					/usr/local/include/open3d/3rdparty,
					"/usr/local/include/eigen-3.4.0",
				);
			};
			name = Debug;
		};
		841F3D5E2B49E90000483276 /* Release */ = {
			isa = XCBuildConfiguration;
			buildSettings = {
				CODE_SIGN_STYLE = Automatic;
				DEAD_CODE_STRIPPING = YES;
				GCC_C_LANGUAGE_STANDARD = gnu17;
				LIBRARY_SEARCH_PATHS = /usr/local/lib/;
				PRODUCT_NAME = "$(TARGET_NAME)";
				SYSTEM_HEADER_SEARCH_PATHS = (
					/usr/local/include,
					/usr/local/include/open3d,
					/usr/local/include/open3d/3rdparty,
					"/usr/local/include/eigen-3.4.0",
				);
			};
			name = Release;
		};
/* End XCBuildConfiguration section */

/* Begin XCConfigurationList section */
		841F3D502B49E90000483276 /* Build configuration list for PBXProject "evoflock" */ = {
			isa = XCConfigurationList;
			buildConfigurations = (
				841F3D5A2B49E90000483276 /* Debug */,
				841F3D5B2B49E90000483276 /* Release */,
			);
			defaultConfigurationIsVisible = 0;
			defaultConfigurationName = Release;
		};
		841F3D5C2B49E90000483276 /* Build configuration list for PBXNativeTarget "evoflock" */ = {
			isa = XCConfigurationList;
			buildConfigurations = (
				841F3D5D2B49E90000483276 /* Debug */,
				841F3D5E2B49E90000483276 /* Release */,
			);
			defaultConfigurationIsVisible = 0;
			defaultConfigurationName = Release;
		};
/* End XCConfigurationList section */
	};
	rootObject = 841F3D4D2B49E90000483276 /* Project object */;
}
